
Microsoft Visual Studio Solution File, Format Version 12.00
# Visual Studio Version 16
VisualStudioVersion = 16.0.32802.440
MinimumVisualStudioVersion = 10.0.40219.1
Project("{9A19103F-16F7-4668-BE54-9A1E7A4F7556}") = "RubiconTest", "RubiconTest\RubiconTest.csproj", "{31E8CF1A-FAC2-4EC6-9C6F-BE497E877117}"
EndProject
Project("{FAE04EC0-301F-11D3-BF4B-00C04F79EFBC}") = "RubiconTest.Tests", "RubiconTest.Tests\RubiconTest.Tests.csproj", "{0F8BF4AA-F57A-43AB-A30A-CBB8B0CC735A}"
EndProject
Global
	GlobalSection(SolutionConfigurationPlatforms) = preSolution
		Debug|Any CPU = Debug|Any CPU
		Release|Any CPU = Release|Any CPU
	EndGlobalSection
	GlobalSection(ProjectConfigurationPlatforms) = postSolution
		{31E8CF1A-FAC2-4EC6-9C6F-BE497E877117}.Debug|Any CPU.ActiveCfg = Debug|Any CPU
		{31E8CF1A-FAC2-4EC6-9C6F-BE497E877117}.Debug|Any CPU.Build.0 = Debug|Any CPU
		{31E8CF1A-FAC2-4EC6-9C6F-BE497E877117}.Release|Any CPU.ActiveCfg = Release|Any CPU
		{31E8CF1A-FAC2-4EC6-9C6F-BE497E877117}.Release|Any CPU.Build.0 = Release|Any CPU
		{0F8BF4AA-F57A-43AB-A30A-CBB8B0CC735A}.Debug|Any CPU.ActiveCfg = Debug|Any CPU
		{0F8BF4AA-F57A-43AB-A30A-CBB8B0CC735A}.Debug|Any CPU.Build.0 = Debug|Any CPU
		{0F8BF4AA-F57A-43AB-A30A-CBB8B0CC735A}.Release|Any CPU.ActiveCfg = Release|Any CPU
		{0F8BF4AA-F57A-43AB-A30A-CBB8B0CC735A}.Release|Any CPU.Build.0 = Release|Any CPU
	EndGlobalSection
	GlobalSection(SolutionProperties) = preSolution
		HideSolutionNode = FALSE
	EndGlobalSection
	GlobalSection(ExtensibilityGlobals) = postSolution
		SolutionGuid = {8A50EAFA-563C-4F8E-A985-423B0D9385CB}
	EndGlobalSection
EndGlobal
